
Microsoft Visual Studio Solution File, Format Version 12.00
# Visual Studio Version 17
VisualStudioVersion = 17.8.34316.72
MinimumVisualStudioVersion = 10.0.40219.1
Project("{FAE04EC0-301F-11D3-BF4B-00C04F79EFBC}") = "ConsoleApp", "ConsoleApp\ConsoleApp.csproj", "{8AC5FFCE-335C-4495-A928-3507F46636F5}"
EndProject
Global
	GlobalSection(SolutionConfigurationPlatforms) = preSolution
		Debug|Any CPU = Debug|Any CPU
		Release|Any CPU = Release|Any CPU
	EndGlobalSection
	GlobalSection(ProjectConfigurationPlatforms) = postSolution
		{8AC5FFCE-335C-4495-A928-3507F46636F5}.Debug|Any CPU.ActiveCfg = Debug|Any CPU
		{8AC5FFCE-335C-4495-A928-3507F46636F5}.Debug|Any CPU.Build.0 = Debug|Any CPU
		{8AC5FFCE-335C-4495-A928-3507F46636F5}.Release|Any CPU.ActiveCfg = Release|Any CPU
		{8AC5FFCE-335C-4495-A928-3507F46636F5}.Release|Any CPU.Build.0 = Release|Any CPU
	EndGlobalSection
	GlobalSection(SolutionProperties) = preSolution
		HideSolutionNode = FALSE
	EndGlobalSection
	GlobalSection(ExtensibilityGlobals) = postSolution
		SolutionGuid = {BCD6F289-685F-4AD4-808E-03A0863C6743}
	EndGlobalSection
EndGlobal
